// !$*UTF8*$!
{
	archiveVersion = 1;
	classes = {
	};
	objectVersion = 55;
	objects = {

/* Begin PBXBuildFile section */
		041494F4288A09A900A4D3E5 /* OrderView.swift in Sources */ = {isa = PBXBuildFile; fileRef = 041494F3288A09A900A4D3E5 /* OrderView.swift */; };
		041494F7288A0A9900A4D3E5 /* TabViewApp.swift in Sources */ = {isa = PBXBuildFile; fileRef = 041494F6288A0A9900A4D3E5 /* TabViewApp.swift */; };
		041494F9288A187300A4D3E5 /* CheckoutView.swift in Sources */ = {isa = PBXBuildFile; fileRef = 041494F8288A187200A4D3E5 /* CheckoutView.swift */; };
		04C56DA72889E88E00AC23EF /* StarbucksWonderApp.swift in Sources */ = {isa = PBXBuildFile; fileRef = 04C56DA62889E88E00AC23EF /* StarbucksWonderApp.swift */; };
		04C56DA92889E88E00AC23EF /* ContentView.swift in Sources */ = {isa = PBXBuildFile; fileRef = 04C56DA82889E88E00AC23EF /* ContentView.swift */; };
		04C56DAB2889E89300AC23EF /* Assets.xcassets in Resources */ = {isa = PBXBuildFile; fileRef = 04C56DAA2889E89300AC23EF /* Assets.xcassets */; };
		04C56DAE2889E89300AC23EF /* Preview Assets.xcassets in Resources */ = {isa = PBXBuildFile; fileRef = 04C56DAD2889E89300AC23EF /* Preview Assets.xcassets */; };
		04C56DB52889EA6000AC23EF /* menu.json in Resources */ = {isa = PBXBuildFile; fileRef = 04C56DB42889EA6000AC23EF /* menu.json */; };
		04C56DB82889EDFA00AC23EF /* Menu.swift in Sources */ = {isa = PBXBuildFile; fileRef = 04C56DB72889EDFA00AC23EF /* Menu.swift */; };
		04C56DBA2889F00400AC23EF /* JsonHelper.swift in Sources */ = {isa = PBXBuildFile; fileRef = 04C56DB92889F00400AC23EF /* JsonHelper.swift */; };
		04C56DBD2889FAC800AC23EF /* ItemRow.swift in Sources */ = {isa = PBXBuildFile; fileRef = 04C56DBC2889FAC800AC23EF /* ItemRow.swift */; };
		04C56DBF288A024000AC23EF /* ItemDetails.swift in Sources */ = {isa = PBXBuildFile; fileRef = 04C56DBE288A023F00AC23EF /* ItemDetails.swift */; };
		04C56DC2288A04E900AC23EF /* Order.swift in Sources */ = {isa = PBXBuildFile; fileRef = 04C56DC1288A04E900AC23EF /* Order.swift */; };
/* End PBXBuildFile section */

/* Begin PBXFileReference section */
		041494F3288A09A900A4D3E5 /* OrderView.swift */ = {isa = PBXFileReference; lastKnownFileType = sourcecode.swift; path = OrderView.swift; sourceTree = "<group>"; };
		041494F6288A0A9900A4D3E5 /* TabViewApp.swift */ = {isa = PBXFileReference; lastKnownFileType = sourcecode.swift; path = TabViewApp.swift; sourceTree = "<group>"; };
		041494F8288A187200A4D3E5 /* CheckoutView.swift */ = {isa = PBXFileReference; lastKnownFileType = sourcecode.swift; path = CheckoutView.swift; sourceTree = "<group>"; };
		04C56DA32889E88E00AC23EF /* StarbucksWonder.app */ = {isa = PBXFileReference; explicitFileType = wrapper.application; includeInIndex = 0; path = StarbucksWonder.app; sourceTree = BUILT_PRODUCTS_DIR; };
		04C56DA62889E88E00AC23EF /* StarbucksWonderApp.swift */ = {isa = PBXFileReference; lastKnownFileType = sourcecode.swift; path = StarbucksWonderApp.swift; sourceTree = "<group>"; };
		04C56DA82889E88E00AC23EF /* ContentView.swift */ = {isa = PBXFileReference; lastKnownFileType = sourcecode.swift; path = ContentView.swift; sourceTree = "<group>"; };
		04C56DAA2889E89300AC23EF /* Assets.xcassets */ = {isa = PBXFileReference; lastKnownFileType = folder.assetcatalog; path = Assets.xcassets; sourceTree = "<group>"; };
		04C56DAD2889E89300AC23EF /* Preview Assets.xcassets */ = {isa = PBXFileReference; lastKnownFileType = folder.assetcatalog; path = "Preview Assets.xcassets"; sourceTree = "<group>"; };
		04C56DB42889EA6000AC23EF /* menu.json */ = {isa = PBXFileReference; fileEncoding = 4; lastKnownFileType = text.json; path = menu.json; sourceTree = "<group>"; };
		04C56DB72889EDFA00AC23EF /* Menu.swift */ = {isa = PBXFileReference; lastKnownFileType = sourcecode.swift; path = Menu.swift; sourceTree = "<group>"; };
		04C56DB92889F00400AC23EF /* JsonHelper.swift */ = {isa = PBXFileReference; lastKnownFileType = sourcecode.swift; path = JsonHelper.swift; sourceTree = "<group>"; };
		04C56DBC2889FAC800AC23EF /* ItemRow.swift */ = {isa = PBXFileReference; lastKnownFileType = sourcecode.swift; path = ItemRow.swift; sourceTree = "<group>"; };
		04C56DBE288A023F00AC23EF /* ItemDetails.swift */ = {isa = PBXFileReference; lastKnownFileType = sourcecode.swift; path = ItemDetails.swift; sourceTree = "<group>"; };
		04C56DC1288A04E900AC23EF /* Order.swift */ = {isa = PBXFileReference; lastKnownFileType = sourcecode.swift; path = Order.swift; sourceTree = "<group>"; };
/* End PBXFileReference section */

/* Begin PBXFrameworksBuildPhase section */
		04C56DA02889E88E00AC23EF /* Frameworks */ = {
			isa = PBXFrameworksBuildPhase;
			buildActionMask = 2147483647;
			files = (
			);
			runOnlyForDeploymentPostprocessing = 0;
		};
/* End PBXFrameworksBuildPhase section */

/* Begin PBXGroup section */
		04C56D9A2889E88E00AC23EF = {
			isa = PBXGroup;
			children = (
				04C56DA52889E88E00AC23EF /* StarbucksWonder */,
				04C56DA42889E88E00AC23EF /* Products */,
			);
			sourceTree = "<group>";
		};
		04C56DA42889E88E00AC23EF /* Products */ = {
			isa = PBXGroup;
			children = (
				04C56DA32889E88E00AC23EF /* StarbucksWonder.app */,
			);
			name = Products;
			sourceTree = "<group>";
		};
		04C56DA52889E88E00AC23EF /* StarbucksWonder */ = {
			isa = PBXGroup;
			children = (
				04C56DC0288A04D800AC23EF /* Model */,
				04C56DBB2889FAB600AC23EF /* Views */,
				04C56DB42889EA6000AC23EF /* menu.json */,
				04C56DB62889EDE600AC23EF /* Data */,
				04C56DA62889E88E00AC23EF /* StarbucksWonderApp.swift */,
				04C56DAA2889E89300AC23EF /* Assets.xcassets */,
				04C56DAC2889E89300AC23EF /* Preview Content */,
			);
			path = StarbucksWonder;
			sourceTree = "<group>";
		};
		04C56DAC2889E89300AC23EF /* Preview Content */ = {
			isa = PBXGroup;
			children = (
				04C56DAD2889E89300AC23EF /* Preview Assets.xcassets */,
			);
			path = "Preview Content";
			sourceTree = "<group>";
		};
		04C56DB62889EDE600AC23EF /* Data */ = {
			isa = PBXGroup;
			children = (
				04C56DB72889EDFA00AC23EF /* Menu.swift */,
				04C56DB92889F00400AC23EF /* JsonHelper.swift */,
			);
			path = Data;
			sourceTree = "<group>";
		};
		04C56DBB2889FAB600AC23EF /* Views */ = {
			isa = PBXGroup;
			children = (
				04C56DA82889E88E00AC23EF /* ContentView.swift */,
				04C56DBC2889FAC800AC23EF /* ItemRow.swift */,
				04C56DBE288A023F00AC23EF /* ItemDetails.swift */,
				041494F3288A09A900A4D3E5 /* OrderView.swift */,
				041494F6288A0A9900A4D3E5 /* TabViewApp.swift */,
				041494F8288A187200A4D3E5 /* CheckoutView.swift */,
			);
			path = Views;
			sourceTree = "<group>";
		};
		04C56DC0288A04D800AC23EF /* Model */ = {
			isa = PBXGroup;
			children = (
				04C56DC1288A04E900AC23EF /* Order.swift */,
			);
			path = Model;
			sourceTree = "<group>";
		};
/* End PBXGroup section */

/* Begin PBXNativeTarget section */
		04C56DA22889E88E00AC23EF /* StarbucksWonder */ = {
			isa = PBXNativeTarget;
			buildConfigurationList = 04C56DB12889E89300AC23EF /* Build configuration list for PBXNativeTarget "StarbucksWonder" */;
			buildPhases = (
				04C56D9F2889E88E00AC23EF /* Sources */,
				04C56DA02889E88E00AC23EF /* Frameworks */,
				04C56DA12889E88E00AC23EF /* Resources */,
			);
			buildRules = (
			);
			dependencies = (
			);
			name = StarbucksWonder;
			productName = StarbucksWonder;
			productReference = 04C56DA32889E88E00AC23EF /* StarbucksWonder.app */;
			productType = "com.apple.product-type.application";
		};
/* End PBXNativeTarget section */

/* Begin PBXProject section */
		04C56D9B2889E88E00AC23EF /* Project object */ = {
			isa = PBXProject;
			attributes = {
				BuildIndependentTargetsInParallel = 1;
				LastSwiftUpdateCheck = 1330;
				LastUpgradeCheck = 1330;
				TargetAttributes = {
					04C56DA22889E88E00AC23EF = {
						CreatedOnToolsVersion = 13.3.1;
					};
				};
			};
			buildConfigurationList = 04C56D9E2889E88E00AC23EF /* Build configuration list for PBXProject "StarbucksWonder" */;
			compatibilityVersion = "Xcode 13.0";
			developmentRegion = en;
			hasScannedForEncodings = 0;
			knownRegions = (
				en,
				Base,
			);
			mainGroup = 04C56D9A2889E88E00AC23EF;
			productRefGroup = 04C56DA42889E88E00AC23EF /* Products */;
			projectDirPath = "";
			projectRoot = "";
			targets = (
				04C56DA22889E88E00AC23EF /* StarbucksWonder */,
			);
		};
/* End PBXProject section */

/* Begin PBXResourcesBuildPhase section */
		04C56DA12889E88E00AC23EF /* Resources */ = {
			isa = PBXResourcesBuildPhase;
			buildActionMask = 2147483647;
			files = (
				04C56DB52889EA6000AC23EF /* menu.json in Resources */,
				04C56DAE2889E89300AC23EF /* Preview Assets.xcassets in Resources */,
				04C56DAB2889E89300AC23EF /* Assets.xcassets in Resources */,
			);
			runOnlyForDeploymentPostprocessing = 0;
		};
/* End PBXResourcesBuildPhase section */

/* Begin PBXSourcesBuildPhase section */
		04C56D9F2889E88E00AC23EF /* Sources */ = {
			isa = PBXSourcesBuildPhase;
			buildActionMask = 2147483647;
			files = (
				04C56DB82889EDFA00AC23EF /* Menu.swift in Sources */,
				041494F4288A09A900A4D3E5 /* OrderView.swift in Sources */,
				041494F9288A187300A4D3E5 /* CheckoutView.swift in Sources */,
				04C56DBA2889F00400AC23EF /* JsonHelper.swift in Sources */,
				04C56DBD2889FAC800AC23EF /* ItemRow.swift in Sources */,
				04C56DBF288A024000AC23EF /* ItemDetails.swift in Sources */,
				04C56DA92889E88E00AC23EF /* ContentView.swift in Sources */,
				04C56DA72889E88E00AC23EF /* StarbucksWonderApp.swift in Sources */,
				041494F7288A0A9900A4D3E5 /* TabViewApp.swift in Sources */,
				04C56DC2288A04E900AC23EF /* Order.swift in Sources */,
			);
			runOnlyForDeploymentPostprocessing = 0;
		};
/* End PBXSourcesBuildPhase section */

/* Begin XCBuildConfiguration section */
		04C56DAF2889E89300AC23EF /* Debug */ = {
			isa = XCBuildConfiguration;
			buildSettings = {
				ALWAYS_SEARCH_USER_PATHS = NO;
				CLANG_ANALYZER_NONNULL = YES;
				CLANG_ANALYZER_NUMBER_OBJECT_CONVERSION = YES_AGGRESSIVE;
				CLANG_CXX_LANGUAGE_STANDARD = "gnu++17";
				CLANG_ENABLE_MODULES = YES;
				CLANG_ENABLE_OBJC_ARC = YES;
				CLANG_ENABLE_OBJC_WEAK = YES;
				CLANG_WARN_BLOCK_CAPTURE_AUTORELEASING = YES;
				CLANG_WARN_BOOL_CONVERSION = YES;
				CLANG_WARN_COMMA = YES;
				CLANG_WARN_CONSTANT_CONVERSION = YES;
				CLANG_WARN_DEPRECATED_OBJC_IMPLEMENTATIONS = YES;
				CLANG_WARN_DIRECT_OBJC_ISA_USAGE = YES_ERROR;
				CLANG_WARN_DOCUMENTATION_COMMENTS = YES;
				CLANG_WARN_EMPTY_BODY = YES;
				CLANG_WARN_ENUM_CONVERSION = YES;
				CLANG_WARN_INFINITE_RECURSION = YES;
				CLANG_WARN_INT_CONVERSION = YES;
				CLANG_WARN_NON_LITERAL_NULL_CONVERSION = YES;
				CLANG_WARN_OBJC_IMPLICIT_RETAIN_SELF = YES;
				CLANG_WARN_OBJC_LITERAL_CONVERSION = YES;
				CLANG_WARN_OBJC_ROOT_CLASS = YES_ERROR;
				CLANG_WARN_QUOTED_INCLUDE_IN_FRAMEWORK_HEADER = YES;
				CLANG_WARN_RANGE_LOOP_ANALYSIS = YES;
				CLANG_WARN_STRICT_PROTOTYPES = YES;
				CLANG_WARN_SUSPICIOUS_MOVE = YES;
				CLANG_WARN_UNGUARDED_AVAILABILITY = YES_AGGRESSIVE;
				CLANG_WARN_UNREACHABLE_CODE = YES;
				CLANG_WARN__DUPLICATE_METHOD_MATCH = YES;
				COPY_PHASE_STRIP = NO;
				DEBUG_INFORMATION_FORMAT = dwarf;
				ENABLE_STRICT_OBJC_MSGSEND = YES;
				ENABLE_TESTABILITY = YES;
				GCC_C_LANGUAGE_STANDARD = gnu11;
				GCC_DYNAMIC_NO_PIC = NO;
				GCC_NO_COMMON_BLOCKS = YES;
				GCC_OPTIMIZATION_LEVEL = 0;
				GCC_PREPROCESSOR_DEFINITIONS = (
					"DEBUG=1",
					"$(inherited)",
				);
				GCC_WARN_64_TO_32_BIT_CONVERSION = YES;
				GCC_WARN_ABOUT_RETURN_TYPE = YES_ERROR;
				GCC_WARN_UNDECLARED_SELECTOR = YES;
				GCC_WARN_UNINITIALIZED_AUTOS = YES_AGGRESSIVE;
				GCC_WARN_UNUSED_FUNCTION = YES;
				GCC_WARN_UNUSED_VARIABLE = YES;
				IPHONEOS_DEPLOYMENT_TARGET = 15.4;
				MTL_ENABLE_DEBUG_INFO = INCLUDE_SOURCE;
				MTL_FAST_MATH = YES;
				ONLY_ACTIVE_ARCH = YES;
				SDKROOT = iphoneos;
				SWIFT_ACTIVE_COMPILATION_CONDITIONS = DEBUG;
				SWIFT_OPTIMIZATION_LEVEL = "-Onone";
			};
			name = Debug;
		};
		04C56DB02889E89300AC23EF /* Release */ = {
			isa = XCBuildConfiguration;
			buildSettings = {
				ALWAYS_SEARCH_USER_PATHS = NO;
				CLANG_ANALYZER_NONNULL = YES;
				CLANG_ANALYZER_NUMBER_OBJECT_CONVERSION = YES_AGGRESSIVE;
				CLANG_CXX_LANGUAGE_STANDARD = "gnu++17";
				CLANG_ENABLE_MODULES = YES;
				CLANG_ENABLE_OBJC_ARC = YES;
				CLANG_ENABLE_OBJC_WEAK = YES;
				CLANG_WARN_BLOCK_CAPTURE_AUTORELEASING = YES;
				CLANG_WARN_BOOL_CONVERSION = YES;
				CLANG_WARN_COMMA = YES;
				CLANG_WARN_CONSTANT_CONVERSION = YES;
				CLANG_WARN_DEPRECATED_OBJC_IMPLEMENTATIONS = YES;
				CLANG_WARN_DIRECT_OBJC_ISA_USAGE = YES_ERROR;
				CLANG_WARN_DOCUMENTATION_COMMENTS = YES;
				CLANG_WARN_EMPTY_BODY = YES;
				CLANG_WARN_ENUM_CONVERSION = YES;
				CLANG_WARN_INFINITE_RECURSION = YES;
				CLANG_WARN_INT_CONVERSION = YES;
				CLANG_WARN_NON_LITERAL_NULL_CONVERSION = YES;
				CLANG_WARN_OBJC_IMPLICIT_RETAIN_SELF = YES;
				CLANG_WARN_OBJC_LITERAL_CONVERSION = YES;
				CLANG_WARN_OBJC_ROOT_CLASS = YES_ERROR;
				CLANG_WARN_QUOTED_INCLUDE_IN_FRAMEWORK_HEADER = YES;
				CLANG_WARN_RANGE_LOOP_ANALYSIS = YES;
				CLANG_WARN_STRICT_PROTOTYPES = YES;
				CLANG_WARN_SUSPICIOUS_MOVE = YES;
				CLANG_WARN_UNGUARDED_AVAILABILITY = YES_AGGRESSIVE;
				CLANG_WARN_UNREACHABLE_CODE = YES;
				CLANG_WARN__DUPLICATE_METHOD_MATCH = YES;
				COPY_PHASE_STRIP = NO;
				DEBUG_INFORMATION_FORMAT = "dwarf-with-dsym";
				ENABLE_NS_ASSERTIONS = NO;
				ENABLE_STRICT_OBJC_MSGSEND = YES;
				GCC_C_LANGUAGE_STANDARD = gnu11;
				GCC_NO_COMMON_BLOCKS = YES;
				GCC_WARN_64_TO_32_BIT_CONVERSION = YES;
				GCC_WARN_ABOUT_RETURN_TYPE = YES_ERROR;
				GCC_WARN_UNDECLARED_SELECTOR = YES;
				GCC_WARN_UNINITIALIZED_AUTOS = YES_AGGRESSIVE;
				GCC_WARN_UNUSED_FUNCTION = YES;
				GCC_WARN_UNUSED_VARIABLE = YES;
				IPHONEOS_DEPLOYMENT_TARGET = 15.4;
				MTL_ENABLE_DEBUG_INFO = NO;
				MTL_FAST_MATH = YES;
				SDKROOT = iphoneos;
				SWIFT_COMPILATION_MODE = wholemodule;
				SWIFT_OPTIMIZATION_LEVEL = "-O";
				VALIDATE_PRODUCT = YES;
			};
			name = Release;
		};
		04C56DB22889E89300AC23EF /* Debug */ = {
			isa = XCBuildConfiguration;
			buildSettings = {
				ASSETCATALOG_COMPILER_APPICON_NAME = AppIcon;
				ASSETCATALOG_COMPILER_GLOBAL_ACCENT_COLOR_NAME = AccentColor;
				CODE_SIGN_STYLE = Automatic;
				CURRENT_PROJECT_VERSION = 1;
				DEVELOPMENT_ASSET_PATHS = "\"StarbucksWonder/Preview Content\"";
				DEVELOPMENT_TEAM = 3A534NX7E6;
				ENABLE_PREVIEWS = YES;
				GENERATE_INFOPLIST_FILE = YES;
				INFOPLIST_KEY_UIApplicationSceneManifest_Generation = YES;
				INFOPLIST_KEY_UIApplicationSupportsIndirectInputEvents = YES;
				INFOPLIST_KEY_UILaunchScreen_Generation = YES;
				INFOPLIST_KEY_UISupportedInterfaceOrientations_iPad = "UIInterfaceOrientationPortrait UIInterfaceOrientationPortraitUpsideDown UIInterfaceOrientationLandscapeLeft UIInterfaceOrientationLandscapeRight";
				INFOPLIST_KEY_UISupportedInterfaceOrientations_iPhone = "UIInterfaceOrientationPortrait UIInterfaceOrientationLandscapeLeft UIInterfaceOrientationLandscapeRight";
				LD_RUNPATH_SEARCH_PATHS = (
					"$(inherited)",
					"@executable_path/Frameworks",
				);
				MARKETING_VERSION = 1.0;
				PRODUCT_BUNDLE_IDENTIFIER = appdevelop.StarbucksWonder;
				PRODUCT_NAME = "$(TARGET_NAME)";
				SWIFT_EMIT_LOC_STRINGS = YES;
				SWIFT_VERSION = 5.0;
				TARGETED_DEVICE_FAMILY = "1,2";
			};
			name = Debug;
		};
		04C56DB32889E89300AC23EF /* Release */ = {
			isa = XCBuildConfiguration;
			buildSettings = {
				ASSETCATALOG_COMPILER_APPICON_NAME = AppIcon;
				ASSETCATALOG_COMPILER_GLOBAL_ACCENT_COLOR_NAME = AccentColor;
				CODE_SIGN_STYLE = Automatic;
				CURRENT_PROJECT_VERSION = 1;
				DEVELOPMENT_ASSET_PATHS = "\"StarbucksWonder/Preview Content\"";
				DEVELOPMENT_TEAM = 3A534NX7E6;
				ENABLE_PREVIEWS = YES;
				GENERATE_INFOPLIST_FILE = YES;
				INFOPLIST_KEY_UIApplicationSceneManifest_Generation = YES;
				INFOPLIST_KEY_UIApplicationSupportsIndirectInputEvents = YES;
				INFOPLIST_KEY_UILaunchScreen_Generation = YES;
				INFOPLIST_KEY_UISupportedInterfaceOrientations_iPad = "UIInterfaceOrientationPortrait UIInterfaceOrientationPortraitUpsideDown UIInterfaceOrientationLandscapeLeft UIInterfaceOrientationLandscapeRight";
				INFOPLIST_KEY_UISupportedInterfaceOrientations_iPhone = "UIInterfaceOrientationPortrait UIInterfaceOrientationLandscapeLeft UIInterfaceOrientationLandscapeRight";
				LD_RUNPATH_SEARCH_PATHS = (
					"$(inherited)",
					"@executable_path/Frameworks",
				);
				MARKETING_VERSION = 1.0;
				PRODUCT_BUNDLE_IDENTIFIER = appdevelop.StarbucksWonder;
				PRODUCT_NAME = "$(TARGET_NAME)";
				SWIFT_EMIT_LOC_STRINGS = YES;
				SWIFT_VERSION = 5.0;
				TARGETED_DEVICE_FAMILY = "1,2";
			};
			name = Release;
		};
/* End XCBuildConfiguration section */

/* Begin XCConfigurationList section */
		04C56D9E2889E88E00AC23EF /* Build configuration list for PBXProject "StarbucksWonder" */ = {
			isa = XCConfigurationList;
			buildConfigurations = (
				04C56DAF2889E89300AC23EF /* Debug */,
				04C56DB02889E89300AC23EF /* Release */,
			);
			defaultConfigurationIsVisible = 0;
			defaultConfigurationName = Release;
		};
		04C56DB12889E89300AC23EF /* Build configuration list for PBXNativeTarget "StarbucksWonder" */ = {
			isa = XCConfigurationList;
			buildConfigurations = (
				04C56DB22889E89300AC23EF /* Debug */,
				04C56DB32889E89300AC23EF /* Release */,
			);
			defaultConfigurationIsVisible = 0;
			defaultConfigurationName = Release;
		};
/* End XCConfigurationList section */
	};
	rootObject = 04C56D9B2889E88E00AC23EF /* Project object */;
}
